
Microsoft Visual Studio Solution File, Format Version 12.00
# Visual Studio Version 16
VisualStudioVersion = 16.0.31005.135
MinimumVisualStudioVersion = 10.0.40219.1
Project("{FAE04EC0-301F-11D3-BF4B-00C04F79EFBC}") = "lesson19_23.03.21", "lesson19_23.03.21\lesson19_23.03.21.csproj", "{0CA3A079-A298-4CC7-A005-1A3F0A846D9C}"
EndProject
Global
	GlobalSection(SolutionConfigurationPlatforms) = preSolution
		Debug|Any CPU = Debug|Any CPU
		Release|Any CPU = Release|Any CPU
	EndGlobalSection
	GlobalSection(ProjectConfigurationPlatforms) = postSolution
		{0CA3A079-A298-4CC7-A005-1A3F0A846D9C}.Debug|Any CPU.ActiveCfg = Debug|Any CPU
		{0CA3A079-A298-4CC7-A005-1A3F0A846D9C}.Debug|Any CPU.Build.0 = Debug|Any CPU
		{0CA3A079-A298-4CC7-A005-1A3F0A846D9C}.Release|Any CPU.ActiveCfg = Release|Any CPU
		{0CA3A079-A298-4CC7-A005-1A3F0A846D9C}.Release|Any CPU.Build.0 = Release|Any CPU
	EndGlobalSection
	GlobalSection(SolutionProperties) = preSolution
		HideSolutionNode = FALSE
	EndGlobalSection
	GlobalSection(ExtensibilityGlobals) = postSolution
		SolutionGuid = {4CE40CED-276C-4AE2-BEA5-8D28D1FC3599}
	EndGlobalSection
EndGlobal
